# This file is automatically @generated by Cargo.
# It is not intended for manual editing.
version = 4

[[package]]
name = "sdkwork_iam_core"
version = "0.1.0"

[[package]]
name = "sdkwork_iam_http"
version = "0.1.0"
dependencies = [
 "sdkwork_iam_core",
]

[[package]]
name = "sdkwork_iam_tauri"
version = "0.1.0"
dependencies = [
 "sdkwork_iam_core",
 "sdkwork_iam_http",
]
